
Microsoft Visual Studio Solution File, Format Version 12.00
# Visual Studio Version 17
VisualStudioVersion = 17.9.34701.34
MinimumVisualStudioVersion = 10.0.40219.1
Project("{FAE04EC0-301F-11D3-BF4B-00C04F79EFBC}") = "WpfApp_4.06", "WpfApp_4.06\WpfApp_4.06.csproj", "{EA8DF94E-1C9E-473D-B5FC-D40584EF1BE0}"
EndProject
Global
	GlobalSection(SolutionConfigurationPlatforms) = preSolution
		Debug|Any CPU = Debug|Any CPU
		Release|Any CPU = Release|Any CPU
	EndGlobalSection
	GlobalSection(ProjectConfigurationPlatforms) = postSolution
		{EA8DF94E-1C9E-473D-B5FC-D40584EF1BE0}.Debug|Any CPU.ActiveCfg = Debug|Any CPU
		{EA8DF94E-1C9E-473D-B5FC-D40584EF1BE0}.Debug|Any CPU.Build.0 = Debug|Any CPU
		{EA8DF94E-1C9E-473D-B5FC-D40584EF1BE0}.Release|Any CPU.ActiveCfg = Release|Any CPU
		{EA8DF94E-1C9E-473D-B5FC-D40584EF1BE0}.Release|Any CPU.Build.0 = Release|Any CPU
	EndGlobalSection
	GlobalSection(SolutionProperties) = preSolution
		HideSolutionNode = FALSE
	EndGlobalSection
	GlobalSection(ExtensibilityGlobals) = postSolution
		SolutionGuid = {E723651B-7221-42E6-BF72-37C90B03E32E}
	EndGlobalSection
EndGlobal
